
Microsoft Visual Studio Solution File, Format Version 12.00
# Visual Studio Version 17
VisualStudioVersion = 17.7.34221.43
MinimumVisualStudioVersion = 10.0.40219.1
Project("{FAE04EC0-301F-11D3-BF4B-00C04F79EFBC}") = "AuE_Teste", "AuE_Teste.csproj", "{B2614791-B2A6-419B-BD90-41B83EED0C40}"
EndProject
Global
	GlobalSection(SolutionConfigurationPlatforms) = preSolution
		Debug|Any CPU = Debug|Any CPU
		Release|Any CPU = Release|Any CPU
	EndGlobalSection
	GlobalSection(ProjectConfigurationPlatforms) = postSolution
		{B2614791-B2A6-419B-BD90-41B83EED0C40}.Debug|Any CPU.ActiveCfg = Debug|Any CPU
		{B2614791-B2A6-419B-BD90-41B83EED0C40}.Debug|Any CPU.Build.0 = Debug|Any CPU
		{B2614791-B2A6-419B-BD90-41B83EED0C40}.Release|Any CPU.ActiveCfg = Release|Any CPU
		{B2614791-B2A6-419B-BD90-41B83EED0C40}.Release|Any CPU.Build.0 = Release|Any CPU
	EndGlobalSection
	GlobalSection(SolutionProperties) = preSolution
		HideSolutionNode = FALSE
	EndGlobalSection
	GlobalSection(ExtensibilityGlobals) = postSolution
		SolutionGuid = {9943F045-0D6C-47C4-9D94-1CD852496E80}
	EndGlobalSection
EndGlobal
